
Microsoft Visual Studio Solution File, Format Version 12.00
# Visual Studio Version 17
VisualStudioVersion = 17.0.31912.275
MinimumVisualStudioVersion = 10.0.40219.1
Project("{FAE04EC0-301F-11D3-BF4B-00C04F79EFBC}") = "DecoratorDesignPattern", "DecoratorDesignPattern\DecoratorDesignPattern.csproj", "{1583123D-CDF0-4E67-B0BC-D00D9E06F071}"
EndProject
Global
	GlobalSection(SolutionConfigurationPlatforms) = preSolution
		Debug|Any CPU = Debug|Any CPU
		Release|Any CPU = Release|Any CPU
	EndGlobalSection
	GlobalSection(ProjectConfigurationPlatforms) = postSolution
		{1583123D-CDF0-4E67-B0BC-D00D9E06F071}.Debug|Any CPU.ActiveCfg = Debug|Any CPU
		{1583123D-CDF0-4E67-B0BC-D00D9E06F071}.Debug|Any CPU.Build.0 = Debug|Any CPU
		{1583123D-CDF0-4E67-B0BC-D00D9E06F071}.Release|Any CPU.ActiveCfg = Release|Any CPU
		{1583123D-CDF0-4E67-B0BC-D00D9E06F071}.Release|Any CPU.Build.0 = Release|Any CPU
	EndGlobalSection
	GlobalSection(SolutionProperties) = preSolution
		HideSolutionNode = FALSE
	EndGlobalSection
	GlobalSection(ExtensibilityGlobals) = postSolution
		SolutionGuid = {0D8655D8-7264-4F86-9E97-E48AC201F251}
	EndGlobalSection
EndGlobal
